
Microsoft Visual Studio Solution File, Format Version 12.00
# Visual Studio 2015
Project("{FAE04EC0-301F-11D3-BF4B-00C04F79EFBC}") = "LemonStealingHorses", "LemonStealingHorses.csproj", "{A0DA2E50-A3C2-9D5A-C066-D3A56BB76B54}"
EndProject
Project("{FAE04EC0-301F-11D3-BF4B-00C04F79EFBC}") = "LemonStealingHorses.Editor", "LemonStealingHorses.Editor.csproj", "{10455143-5752-1EF8-B695-E318AC954BC3}"
EndProject
Global
	GlobalSection(SolutionConfigurationPlatforms) = preSolution
		Debug|Any CPU = Debug|Any CPU
		Release|Any CPU = Release|Any CPU
	EndGlobalSection
	GlobalSection(ProjectConfigurationPlatforms) = postSolution
		{A0DA2E50-A3C2-9D5A-C066-D3A56BB76B54}.Debug|Any CPU.ActiveCfg = Debug|Any CPU
		{A0DA2E50-A3C2-9D5A-C066-D3A56BB76B54}.Debug|Any CPU.Build.0 = Debug|Any CPU
		{A0DA2E50-A3C2-9D5A-C066-D3A56BB76B54}.Release|Any CPU.ActiveCfg = Release|Any CPU
		{A0DA2E50-A3C2-9D5A-C066-D3A56BB76B54}.Release|Any CPU.Build.0 = Release|Any CPU
		{10455143-5752-1EF8-B695-E318AC954BC3}.Debug|Any CPU.ActiveCfg = Debug|Any CPU
		{10455143-5752-1EF8-B695-E318AC954BC3}.Debug|Any CPU.Build.0 = Debug|Any CPU
		{10455143-5752-1EF8-B695-E318AC954BC3}.Release|Any CPU.ActiveCfg = Release|Any CPU
		{10455143-5752-1EF8-B695-E318AC954BC3}.Release|Any CPU.Build.0 = Release|Any CPU
	EndGlobalSection
	GlobalSection(SolutionProperties) = preSolution
		HideSolutionNode = FALSE
	EndGlobalSection
EndGlobal
